
Microsoft Visual Studio Solution File, Format Version 12.00
# Visual Studio 15
VisualStudioVersion = 15.0.26124.0
MinimumVisualStudioVersion = 15.0.26124.0
Project("{FAE04EC0-301F-11D3-BF4B-00C04F79EFBC}") = "IncDec", "IncDec\IncDec.csproj", "{FEE22F60-75C4-4770-9F4F-312D8FA31B22}"
EndProject
Project("{FAE04EC0-301F-11D3-BF4B-00C04F79EFBC}") = "tests", "tests\tests.csproj", "{D1BF4BF3-41A0-4DFC-A04A-B2369D9433A4}"
EndProject
Project("{FAE04EC0-301F-11D3-BF4B-00C04F79EFBC}") = "testing", "testing\testing.csproj", "{C4412A0A-014C-4884-9ECC-5E347C654FEE}"
EndProject
Project("{FAE04EC0-301F-11D3-BF4B-00C04F79EFBC}") = "Cilindro", "Cilindro\Cilindro.csproj", "{415FCF5D-B5D1-4F05-8E7E-2964268A6791}"
EndProject
Project("{FAE04EC0-301F-11D3-BF4B-00C04F79EFBC}") = "ValoresEspeciais", "ValoresEspeciais\ValoresEspeciais.csproj", "{8846B588-906A-42C0-A99F-79332A130247}"
EndProject
Project("{FAE04EC0-301F-11D3-BF4B-00C04F79EFBC}") = "IfExample", "IfExample\IfExample.csproj", "{5C46486E-0A64-48B7-91B7-CF3935B0B387}"
EndProject
Project("{FAE04EC0-301F-11D3-BF4B-00C04F79EFBC}") = "Skynet", "Skynet\Skynet.csproj", "{E22C3556-4679-4B85-8081-5FFC932EFCE1}"
EndProject
Project("{FAE04EC0-301F-11D3-BF4B-00C04F79EFBC}") = "SkynetPatternSwitch", "SkynetPatternSwitch\SkynetPatternSwitch.csproj", "{65D4D4EE-3A9F-4FA7-8DBC-352112A8B125}"
EndProject
Project("{FAE04EC0-301F-11D3-BF4B-00C04F79EFBC}") = "BreakContinue", "BreakContinue\BreakContinue.csproj", "{F12FB535-FEE6-47F8-88A8-988A14099B84}"
EndProject
Project("{FAE04EC0-301F-11D3-BF4B-00C04F79EFBC}") = "ChatBot", "ChatBot\ChatBot.csproj", "{2264AA52-6BE4-470C-BF68-340AFFA0B841}"
EndProject
Global
	GlobalSection(SolutionConfigurationPlatforms) = preSolution
		Debug|Any CPU = Debug|Any CPU
		Debug|x64 = Debug|x64
		Debug|x86 = Debug|x86
		Release|Any CPU = Release|Any CPU
		Release|x64 = Release|x64
		Release|x86 = Release|x86
	EndGlobalSection
	GlobalSection(SolutionProperties) = preSolution
		HideSolutionNode = FALSE
	EndGlobalSection
	GlobalSection(ProjectConfigurationPlatforms) = postSolution
		{FEE22F60-75C4-4770-9F4F-312D8FA31B22}.Debug|Any CPU.ActiveCfg = Debug|Any CPU
		{FEE22F60-75C4-4770-9F4F-312D8FA31B22}.Debug|Any CPU.Build.0 = Debug|Any CPU
		{FEE22F60-75C4-4770-9F4F-312D8FA31B22}.Debug|x64.ActiveCfg = Debug|Any CPU
		{FEE22F60-75C4-4770-9F4F-312D8FA31B22}.Debug|x64.Build.0 = Debug|Any CPU
		{FEE22F60-75C4-4770-9F4F-312D8FA31B22}.Debug|x86.ActiveCfg = Debug|Any CPU
		{FEE22F60-75C4-4770-9F4F-312D8FA31B22}.Debug|x86.Build.0 = Debug|Any CPU
		{FEE22F60-75C4-4770-9F4F-312D8FA31B22}.Release|Any CPU.ActiveCfg = Release|Any CPU
		{FEE22F60-75C4-4770-9F4F-312D8FA31B22}.Release|Any CPU.Build.0 = Release|Any CPU
		{FEE22F60-75C4-4770-9F4F-312D8FA31B22}.Release|x64.ActiveCfg = Release|Any CPU
		{FEE22F60-75C4-4770-9F4F-312D8FA31B22}.Release|x64.Build.0 = Release|Any CPU
		{FEE22F60-75C4-4770-9F4F-312D8FA31B22}.Release|x86.ActiveCfg = Release|Any CPU
		{FEE22F60-75C4-4770-9F4F-312D8FA31B22}.Release|x86.Build.0 = Release|Any CPU
		{D1BF4BF3-41A0-4DFC-A04A-B2369D9433A4}.Debug|Any CPU.ActiveCfg = Debug|Any CPU
		{D1BF4BF3-41A0-4DFC-A04A-B2369D9433A4}.Debug|Any CPU.Build.0 = Debug|Any CPU
		{D1BF4BF3-41A0-4DFC-A04A-B2369D9433A4}.Debug|x64.ActiveCfg = Debug|Any CPU
		{D1BF4BF3-41A0-4DFC-A04A-B2369D9433A4}.Debug|x64.Build.0 = Debug|Any CPU
		{D1BF4BF3-41A0-4DFC-A04A-B2369D9433A4}.Debug|x86.ActiveCfg = Debug|Any CPU
		{D1BF4BF3-41A0-4DFC-A04A-B2369D9433A4}.Debug|x86.Build.0 = Debug|Any CPU
		{D1BF4BF3-41A0-4DFC-A04A-B2369D9433A4}.Release|Any CPU.ActiveCfg = Release|Any CPU
		{D1BF4BF3-41A0-4DFC-A04A-B2369D9433A4}.Release|Any CPU.Build.0 = Release|Any CPU
		{D1BF4BF3-41A0-4DFC-A04A-B2369D9433A4}.Release|x64.ActiveCfg = Release|Any CPU
		{D1BF4BF3-41A0-4DFC-A04A-B2369D9433A4}.Release|x64.Build.0 = Release|Any CPU
		{D1BF4BF3-41A0-4DFC-A04A-B2369D9433A4}.Release|x86.ActiveCfg = Release|Any CPU
		{D1BF4BF3-41A0-4DFC-A04A-B2369D9433A4}.Release|x86.Build.0 = Release|Any CPU
		{C4412A0A-014C-4884-9ECC-5E347C654FEE}.Debug|Any CPU.ActiveCfg = Debug|Any CPU
		{C4412A0A-014C-4884-9ECC-5E347C654FEE}.Debug|Any CPU.Build.0 = Debug|Any CPU
		{C4412A0A-014C-4884-9ECC-5E347C654FEE}.Debug|x64.ActiveCfg = Debug|Any CPU
		{C4412A0A-014C-4884-9ECC-5E347C654FEE}.Debug|x64.Build.0 = Debug|Any CPU
		{C4412A0A-014C-4884-9ECC-5E347C654FEE}.Debug|x86.ActiveCfg = Debug|Any CPU
		{C4412A0A-014C-4884-9ECC-5E347C654FEE}.Debug|x86.Build.0 = Debug|Any CPU
		{C4412A0A-014C-4884-9ECC-5E347C654FEE}.Release|Any CPU.ActiveCfg = Release|Any CPU
		{C4412A0A-014C-4884-9ECC-5E347C654FEE}.Release|Any CPU.Build.0 = Release|Any CPU
		{C4412A0A-014C-4884-9ECC-5E347C654FEE}.Release|x64.ActiveCfg = Release|Any CPU
		{C4412A0A-014C-4884-9ECC-5E347C654FEE}.Release|x64.Build.0 = Release|Any CPU
		{C4412A0A-014C-4884-9ECC-5E347C654FEE}.Release|x86.ActiveCfg = Release|Any CPU
		{C4412A0A-014C-4884-9ECC-5E347C654FEE}.Release|x86.Build.0 = Release|Any CPU
		{415FCF5D-B5D1-4F05-8E7E-2964268A6791}.Debug|Any CPU.ActiveCfg = Debug|Any CPU
		{415FCF5D-B5D1-4F05-8E7E-2964268A6791}.Debug|Any CPU.Build.0 = Debug|Any CPU
		{415FCF5D-B5D1-4F05-8E7E-2964268A6791}.Debug|x64.ActiveCfg = Debug|Any CPU
		{415FCF5D-B5D1-4F05-8E7E-2964268A6791}.Debug|x64.Build.0 = Debug|Any CPU
		{415FCF5D-B5D1-4F05-8E7E-2964268A6791}.Debug|x86.ActiveCfg = Debug|Any CPU
		{415FCF5D-B5D1-4F05-8E7E-2964268A6791}.Debug|x86.Build.0 = Debug|Any CPU
		{415FCF5D-B5D1-4F05-8E7E-2964268A6791}.Release|Any CPU.ActiveCfg = Release|Any CPU
		{415FCF5D-B5D1-4F05-8E7E-2964268A6791}.Release|Any CPU.Build.0 = Release|Any CPU
		{415FCF5D-B5D1-4F05-8E7E-2964268A6791}.Release|x64.ActiveCfg = Release|Any CPU
		{415FCF5D-B5D1-4F05-8E7E-2964268A6791}.Release|x64.Build.0 = Release|Any CPU
		{415FCF5D-B5D1-4F05-8E7E-2964268A6791}.Release|x86.ActiveCfg = Release|Any CPU
		{415FCF5D-B5D1-4F05-8E7E-2964268A6791}.Release|x86.Build.0 = Release|Any CPU
		{8846B588-906A-42C0-A99F-79332A130247}.Debug|Any CPU.ActiveCfg = Debug|Any CPU
		{8846B588-906A-42C0-A99F-79332A130247}.Debug|Any CPU.Build.0 = Debug|Any CPU
		{8846B588-906A-42C0-A99F-79332A130247}.Debug|x64.ActiveCfg = Debug|Any CPU
		{8846B588-906A-42C0-A99F-79332A130247}.Debug|x64.Build.0 = Debug|Any CPU
		{8846B588-906A-42C0-A99F-79332A130247}.Debug|x86.ActiveCfg = Debug|Any CPU
		{8846B588-906A-42C0-A99F-79332A130247}.Debug|x86.Build.0 = Debug|Any CPU
		{8846B588-906A-42C0-A99F-79332A130247}.Release|Any CPU.ActiveCfg = Release|Any CPU
		{8846B588-906A-42C0-A99F-79332A130247}.Release|Any CPU.Build.0 = Release|Any CPU
		{8846B588-906A-42C0-A99F-79332A130247}.Release|x64.ActiveCfg = Release|Any CPU
		{8846B588-906A-42C0-A99F-79332A130247}.Release|x64.Build.0 = Release|Any CPU
		{8846B588-906A-42C0-A99F-79332A130247}.Release|x86.ActiveCfg = Release|Any CPU
		{8846B588-906A-42C0-A99F-79332A130247}.Release|x86.Build.0 = Release|Any CPU
		{5C46486E-0A64-48B7-91B7-CF3935B0B387}.Debug|Any CPU.ActiveCfg = Debug|Any CPU
		{5C46486E-0A64-48B7-91B7-CF3935B0B387}.Debug|Any CPU.Build.0 = Debug|Any CPU
		{5C46486E-0A64-48B7-91B7-CF3935B0B387}.Debug|x64.ActiveCfg = Debug|Any CPU
		{5C46486E-0A64-48B7-91B7-CF3935B0B387}.Debug|x64.Build.0 = Debug|Any CPU
		{5C46486E-0A64-48B7-91B7-CF3935B0B387}.Debug|x86.ActiveCfg = Debug|Any CPU
		{5C46486E-0A64-48B7-91B7-CF3935B0B387}.Debug|x86.Build.0 = Debug|Any CPU
		{5C46486E-0A64-48B7-91B7-CF3935B0B387}.Release|Any CPU.ActiveCfg = Release|Any CPU
		{5C46486E-0A64-48B7-91B7-CF3935B0B387}.Release|Any CPU.Build.0 = Release|Any CPU
		{5C46486E-0A64-48B7-91B7-CF3935B0B387}.Release|x64.ActiveCfg = Release|Any CPU
		{5C46486E-0A64-48B7-91B7-CF3935B0B387}.Release|x64.Build.0 = Release|Any CPU
		{5C46486E-0A64-48B7-91B7-CF3935B0B387}.Release|x86.ActiveCfg = Release|Any CPU
		{5C46486E-0A64-48B7-91B7-CF3935B0B387}.Release|x86.Build.0 = Release|Any CPU
		{E22C3556-4679-4B85-8081-5FFC932EFCE1}.Debug|Any CPU.ActiveCfg = Debug|Any CPU
		{E22C3556-4679-4B85-8081-5FFC932EFCE1}.Debug|Any CPU.Build.0 = Debug|Any CPU
		{E22C3556-4679-4B85-8081-5FFC932EFCE1}.Debug|x64.ActiveCfg = Debug|Any CPU
		{E22C3556-4679-4B85-8081-5FFC932EFCE1}.Debug|x64.Build.0 = Debug|Any CPU
		{E22C3556-4679-4B85-8081-5FFC932EFCE1}.Debug|x86.ActiveCfg = Debug|Any CPU
		{E22C3556-4679-4B85-8081-5FFC932EFCE1}.Debug|x86.Build.0 = Debug|Any CPU
		{E22C3556-4679-4B85-8081-5FFC932EFCE1}.Release|Any CPU.ActiveCfg = Release|Any CPU
		{E22C3556-4679-4B85-8081-5FFC932EFCE1}.Release|Any CPU.Build.0 = Release|Any CPU
		{E22C3556-4679-4B85-8081-5FFC932EFCE1}.Release|x64.ActiveCfg = Release|Any CPU
		{E22C3556-4679-4B85-8081-5FFC932EFCE1}.Release|x64.Build.0 = Release|Any CPU
		{E22C3556-4679-4B85-8081-5FFC932EFCE1}.Release|x86.ActiveCfg = Release|Any CPU
		{E22C3556-4679-4B85-8081-5FFC932EFCE1}.Release|x86.Build.0 = Release|Any CPU
		{65D4D4EE-3A9F-4FA7-8DBC-352112A8B125}.Debug|Any CPU.ActiveCfg = Debug|Any CPU
		{65D4D4EE-3A9F-4FA7-8DBC-352112A8B125}.Debug|Any CPU.Build.0 = Debug|Any CPU
		{65D4D4EE-3A9F-4FA7-8DBC-352112A8B125}.Debug|x64.ActiveCfg = Debug|Any CPU
		{65D4D4EE-3A9F-4FA7-8DBC-352112A8B125}.Debug|x64.Build.0 = Debug|Any CPU
		{65D4D4EE-3A9F-4FA7-8DBC-352112A8B125}.Debug|x86.ActiveCfg = Debug|Any CPU
		{65D4D4EE-3A9F-4FA7-8DBC-352112A8B125}.Debug|x86.Build.0 = Debug|Any CPU
		{65D4D4EE-3A9F-4FA7-8DBC-352112A8B125}.Release|Any CPU.ActiveCfg = Release|Any CPU
		{65D4D4EE-3A9F-4FA7-8DBC-352112A8B125}.Release|Any CPU.Build.0 = Release|Any CPU
		{65D4D4EE-3A9F-4FA7-8DBC-352112A8B125}.Release|x64.ActiveCfg = Release|Any CPU
		{65D4D4EE-3A9F-4FA7-8DBC-352112A8B125}.Release|x64.Build.0 = Release|Any CPU
		{65D4D4EE-3A9F-4FA7-8DBC-352112A8B125}.Release|x86.ActiveCfg = Release|Any CPU
		{65D4D4EE-3A9F-4FA7-8DBC-352112A8B125}.Release|x86.Build.0 = Release|Any CPU
		{F12FB535-FEE6-47F8-88A8-988A14099B84}.Debug|Any CPU.ActiveCfg = Debug|Any CPU
		{F12FB535-FEE6-47F8-88A8-988A14099B84}.Debug|Any CPU.Build.0 = Debug|Any CPU
		{F12FB535-FEE6-47F8-88A8-988A14099B84}.Debug|x64.ActiveCfg = Debug|Any CPU
		{F12FB535-FEE6-47F8-88A8-988A14099B84}.Debug|x64.Build.0 = Debug|Any CPU
		{F12FB535-FEE6-47F8-88A8-988A14099B84}.Debug|x86.ActiveCfg = Debug|Any CPU
		{F12FB535-FEE6-47F8-88A8-988A14099B84}.Debug|x86.Build.0 = Debug|Any CPU
		{F12FB535-FEE6-47F8-88A8-988A14099B84}.Release|Any CPU.ActiveCfg = Release|Any CPU
		{F12FB535-FEE6-47F8-88A8-988A14099B84}.Release|Any CPU.Build.0 = Release|Any CPU
		{F12FB535-FEE6-47F8-88A8-988A14099B84}.Release|x64.ActiveCfg = Release|Any CPU
		{F12FB535-FEE6-47F8-88A8-988A14099B84}.Release|x64.Build.0 = Release|Any CPU
		{F12FB535-FEE6-47F8-88A8-988A14099B84}.Release|x86.ActiveCfg = Release|Any CPU
		{F12FB535-FEE6-47F8-88A8-988A14099B84}.Release|x86.Build.0 = Release|Any CPU
		{2264AA52-6BE4-470C-BF68-340AFFA0B841}.Debug|Any CPU.ActiveCfg = Debug|Any CPU
		{2264AA52-6BE4-470C-BF68-340AFFA0B841}.Debug|Any CPU.Build.0 = Debug|Any CPU
		{2264AA52-6BE4-470C-BF68-340AFFA0B841}.Debug|x64.ActiveCfg = Debug|Any CPU
		{2264AA52-6BE4-470C-BF68-340AFFA0B841}.Debug|x64.Build.0 = Debug|Any CPU
		{2264AA52-6BE4-470C-BF68-340AFFA0B841}.Debug|x86.ActiveCfg = Debug|Any CPU
		{2264AA52-6BE4-470C-BF68-340AFFA0B841}.Debug|x86.Build.0 = Debug|Any CPU
		{2264AA52-6BE4-470C-BF68-340AFFA0B841}.Release|Any CPU.ActiveCfg = Release|Any CPU
		{2264AA52-6BE4-470C-BF68-340AFFA0B841}.Release|Any CPU.Build.0 = Release|Any CPU
		{2264AA52-6BE4-470C-BF68-340AFFA0B841}.Release|x64.ActiveCfg = Release|Any CPU
		{2264AA52-6BE4-470C-BF68-340AFFA0B841}.Release|x64.Build.0 = Release|Any CPU
		{2264AA52-6BE4-470C-BF68-340AFFA0B841}.Release|x86.ActiveCfg = Release|Any CPU
		{2264AA52-6BE4-470C-BF68-340AFFA0B841}.Release|x86.Build.0 = Release|Any CPU
	EndGlobalSection
EndGlobal
